
Microsoft Visual Studio Solution File, Format Version 12.00
# Visual Studio Version 17
VisualStudioVersion = 17.11.35327.3
MinimumVisualStudioVersion = 10.0.40219.1
Project("{FAE04EC0-301F-11D3-BF4B-00C04F79EFBC}") = "WPF_CustomControls", "WPF_CustomControls\WPF_CustomControls.csproj", "{9F0FBD56-CBE3-472E-884C-2DDFF9D896CF}"
EndProject
Global
	GlobalSection(SolutionConfigurationPlatforms) = preSolution
		Debug|Any CPU = Debug|Any CPU
		Release|Any CPU = Release|Any CPU
	EndGlobalSection
	GlobalSection(ProjectConfigurationPlatforms) = postSolution
		{9F0FBD56-CBE3-472E-884C-2DDFF9D896CF}.Debug|Any CPU.ActiveCfg = Debug|Any CPU
		{9F0FBD56-CBE3-472E-884C-2DDFF9D896CF}.Debug|Any CPU.Build.0 = Debug|Any CPU
		{9F0FBD56-CBE3-472E-884C-2DDFF9D896CF}.Release|Any CPU.ActiveCfg = Release|Any CPU
		{9F0FBD56-CBE3-472E-884C-2DDFF9D896CF}.Release|Any CPU.Build.0 = Release|Any CPU
	EndGlobalSection
	GlobalSection(SolutionProperties) = preSolution
		HideSolutionNode = FALSE
	EndGlobalSection
	GlobalSection(ExtensibilityGlobals) = postSolution
		SolutionGuid = {81591FD5-B610-428B-824F-3762A5722C78}
	EndGlobalSection
EndGlobal
